
Microsoft Visual Studio Solution File, Format Version 12.00
# Visual Studio Version 17
VisualStudioVersion = 17.3.32929.385
MinimumVisualStudioVersion = 10.0.40219.1
Project("{FAE04EC0-301F-11D3-BF4B-00C04F79EFBC}") = "UnitTesting", "UnitTesting\UnitTesting.csproj", "{2C217887-3A0A-48E1-962B-6B7AD2EDD21F}"
EndProject
Project("{FAE04EC0-301F-11D3-BF4B-00C04F79EFBC}") = "UnitTesting.Tests", "UnitTesting.Tests\UnitTesting.Tests.csproj", "{55532868-B6DF-4C66-96CA-4B70CC7B99B3}"
EndProject
Project("{FAE04EC0-301F-11D3-BF4B-00C04F79EFBC}") = "DBAccess", "..\DBAccess\DBAccess.csproj", "{87980A62-9818-4689-B372-80E528E636D3}"
EndProject
Project("{FAE04EC0-301F-11D3-BF4B-00C04F79EFBC}") = "DBAccess.Tests", "..\DBAccessTests\DBAccess.Tests.csproj", "{C890BF07-5AA7-4164-B4C2-D02C1BE2FFFD}"
EndProject
Global
	GlobalSection(SolutionConfigurationPlatforms) = preSolution
		Debug|Any CPU = Debug|Any CPU
		Release|Any CPU = Release|Any CPU
	EndGlobalSection
	GlobalSection(ProjectConfigurationPlatforms) = postSolution
		{2C217887-3A0A-48E1-962B-6B7AD2EDD21F}.Debug|Any CPU.ActiveCfg = Debug|Any CPU
		{2C217887-3A0A-48E1-962B-6B7AD2EDD21F}.Debug|Any CPU.Build.0 = Debug|Any CPU
		{2C217887-3A0A-48E1-962B-6B7AD2EDD21F}.Release|Any CPU.ActiveCfg = Release|Any CPU
		{2C217887-3A0A-48E1-962B-6B7AD2EDD21F}.Release|Any CPU.Build.0 = Release|Any CPU
		{55532868-B6DF-4C66-96CA-4B70CC7B99B3}.Debug|Any CPU.ActiveCfg = Debug|Any CPU
		{55532868-B6DF-4C66-96CA-4B70CC7B99B3}.Debug|Any CPU.Build.0 = Debug|Any CPU
		{55532868-B6DF-4C66-96CA-4B70CC7B99B3}.Release|Any CPU.ActiveCfg = Release|Any CPU
		{55532868-B6DF-4C66-96CA-4B70CC7B99B3}.Release|Any CPU.Build.0 = Release|Any CPU
		{87980A62-9818-4689-B372-80E528E636D3}.Debug|Any CPU.ActiveCfg = Debug|Any CPU
		{87980A62-9818-4689-B372-80E528E636D3}.Debug|Any CPU.Build.0 = Debug|Any CPU
		{87980A62-9818-4689-B372-80E528E636D3}.Release|Any CPU.ActiveCfg = Release|Any CPU
		{87980A62-9818-4689-B372-80E528E636D3}.Release|Any CPU.Build.0 = Release|Any CPU
		{C890BF07-5AA7-4164-B4C2-D02C1BE2FFFD}.Debug|Any CPU.ActiveCfg = Debug|Any CPU
		{C890BF07-5AA7-4164-B4C2-D02C1BE2FFFD}.Debug|Any CPU.Build.0 = Debug|Any CPU
		{C890BF07-5AA7-4164-B4C2-D02C1BE2FFFD}.Release|Any CPU.ActiveCfg = Release|Any CPU
		{C890BF07-5AA7-4164-B4C2-D02C1BE2FFFD}.Release|Any CPU.Build.0 = Release|Any CPU
	EndGlobalSection
	GlobalSection(SolutionProperties) = preSolution
		HideSolutionNode = FALSE
	EndGlobalSection
	GlobalSection(ExtensibilityGlobals) = postSolution
		SolutionGuid = {A33B2EDA-2BAF-408E-B2B1-34E014E2C658}
	EndGlobalSection
EndGlobal
